
Microsoft Visual Studio Solution File, Format Version 12.00
# Visual Studio Version 16
VisualStudioVersion = 16.0.30611.23
MinimumVisualStudioVersion = 10.0.40219.1
Project("{FAE04EC0-301F-11D3-BF4B-00C04F79EFBC}") = "MobileApp_Server", "MobileApp_Server\MobileApp_Server.csproj", "{B86487FA-4CBE-4031-B394-3E10AF248AEB}"
EndProject
Global
	GlobalSection(SolutionConfigurationPlatforms) = preSolution
		Debug|ARM = Debug|ARM
		Debug|ARM64 = Debug|ARM64
		Debug|x64 = Debug|x64
		Debug|x86 = Debug|x86
		Release|ARM = Release|ARM
		Release|ARM64 = Release|ARM64
		Release|x64 = Release|x64
		Release|x86 = Release|x86
	EndGlobalSection
	GlobalSection(ProjectConfigurationPlatforms) = postSolution
		{B86487FA-4CBE-4031-B394-3E10AF248AEB}.Debug|ARM.ActiveCfg = Debug|ARM
		{B86487FA-4CBE-4031-B394-3E10AF248AEB}.Debug|ARM.Build.0 = Debug|ARM
		{B86487FA-4CBE-4031-B394-3E10AF248AEB}.Debug|ARM.Deploy.0 = Debug|ARM
		{B86487FA-4CBE-4031-B394-3E10AF248AEB}.Debug|ARM64.ActiveCfg = Debug|ARM64
		{B86487FA-4CBE-4031-B394-3E10AF248AEB}.Debug|ARM64.Build.0 = Debug|ARM64
		{B86487FA-4CBE-4031-B394-3E10AF248AEB}.Debug|ARM64.Deploy.0 = Debug|ARM64
		{B86487FA-4CBE-4031-B394-3E10AF248AEB}.Debug|x64.ActiveCfg = Debug|x64
		{B86487FA-4CBE-4031-B394-3E10AF248AEB}.Debug|x64.Build.0 = Debug|x64
		{B86487FA-4CBE-4031-B394-3E10AF248AEB}.Debug|x64.Deploy.0 = Debug|x64
		{B86487FA-4CBE-4031-B394-3E10AF248AEB}.Debug|x86.ActiveCfg = Debug|x86
		{B86487FA-4CBE-4031-B394-3E10AF248AEB}.Debug|x86.Build.0 = Debug|x86
		{B86487FA-4CBE-4031-B394-3E10AF248AEB}.Debug|x86.Deploy.0 = Debug|x86
		{B86487FA-4CBE-4031-B394-3E10AF248AEB}.Release|ARM.ActiveCfg = Release|ARM
		{B86487FA-4CBE-4031-B394-3E10AF248AEB}.Release|ARM.Build.0 = Release|ARM
		{B86487FA-4CBE-4031-B394-3E10AF248AEB}.Release|ARM.Deploy.0 = Release|ARM
		{B86487FA-4CBE-4031-B394-3E10AF248AEB}.Release|ARM64.ActiveCfg = Release|ARM64
		{B86487FA-4CBE-4031-B394-3E10AF248AEB}.Release|ARM64.Build.0 = Release|ARM64
		{B86487FA-4CBE-4031-B394-3E10AF248AEB}.Release|ARM64.Deploy.0 = Release|ARM64
		{B86487FA-4CBE-4031-B394-3E10AF248AEB}.Release|x64.ActiveCfg = Release|x64
		{B86487FA-4CBE-4031-B394-3E10AF248AEB}.Release|x64.Build.0 = Release|x64
		{B86487FA-4CBE-4031-B394-3E10AF248AEB}.Release|x64.Deploy.0 = Release|x64
		{B86487FA-4CBE-4031-B394-3E10AF248AEB}.Release|x86.ActiveCfg = Release|x86
		{B86487FA-4CBE-4031-B394-3E10AF248AEB}.Release|x86.Build.0 = Release|x86
		{B86487FA-4CBE-4031-B394-3E10AF248AEB}.Release|x86.Deploy.0 = Release|x86
	EndGlobalSection
	GlobalSection(SolutionProperties) = preSolution
		HideSolutionNode = FALSE
	EndGlobalSection
	GlobalSection(ExtensibilityGlobals) = postSolution
		SolutionGuid = {D977AA90-54D0-4170-878E-A517B3E29071}
	EndGlobalSection
EndGlobal
